
Microsoft Visual Studio Solution File, Format Version 12.00
# Visual Studio 14
VisualStudioVersion = 14.0.25123.0
MinimumVisualStudioVersion = 10.0.40219.1
Project("{FAE04EC0-301F-11D3-BF4B-00C04F79EFBC}") = "GameCreator.Framework", "GameCreator.Framework\GameCreator.Framework.csproj", "{6BC89687-EBA6-47F8-ADF0-05C1300D699A}"
EndProject
Project("{FAE04EC0-301F-11D3-BF4B-00C04F79EFBC}") = "GameCreator.IDE", "GameCreator.IDE\GameCreator.IDE.csproj", "{2A260ABF-219E-49A2-81BD-0ED30F9B8825}"
EndProject
Project("{FAE04EC0-301F-11D3-BF4B-00C04F79EFBC}") = "GameCreator.Runtime", "GameCreator.Runtime\GameCreator.Runtime.csproj", "{8D7F601C-C605-477F-8D67-850A8B6CA23A}"
EndProject
Project("{FAE04EC0-301F-11D3-BF4B-00C04F79EFBC}") = "GameCreator.Framework.Gml.Interpreter", "GameCreator.Framework.Gml.Interpreter\GameCreator.Framework.Gml.Interpreter.csproj", "{86EA9620-4ED5-47C0-8805-EED429AE86AD}"
EndProject
Project("{FAE04EC0-301F-11D3-BF4B-00C04F79EFBC}") = "GameCreator.Framework.Gml", "GameCreator.Framework.Gml\GameCreator.Framework.Gml.csproj", "{026075FF-7A82-4AEB-B09A-70073D6ED686}"
EndProject
Project("{FAE04EC0-301F-11D3-BF4B-00C04F79EFBC}") = "GameCreator.Runtime.Game.Interpreted", "GameCreator.Runtime.Game.Interpreted\GameCreator.Runtime.Game.Interpreted.csproj", "{1D629B47-A821-4030-B680-6E4953A744D7}"
EndProject
Project("{FAE04EC0-301F-11D3-BF4B-00C04F79EFBC}") = "GameCreator.Test", "GameCreator.Test\GameCreator.Test.csproj", "{935DC5A7-5F14-4553-BA26-FA7565FB1B12}"
EndProject
Project("{2150E333-8FDC-42A3-9474-1A3956D46DE8}") = "Solution Items", "Solution Items", "{8ADF1873-593C-4784-B989-C827C1DEC764}"
	ProjectSection(SolutionItems) = preProject
		GameCreator.vsmdi = GameCreator.vsmdi
		Local.testsettings = Local.testsettings
		TraceAndTestImpact.testsettings = TraceAndTestImpact.testsettings
	EndProjectSection
EndProject
Project("{FAE04EC0-301F-11D3-BF4B-00C04F79EFBC}") = "GameCreator.Framework.Gml.Compiler.Clr", "GameCreator.Framework.Gml.Compiler.Clr\GameCreator.Framework.Gml.Compiler.Clr.csproj", "{0E663FE3-8220-469D-8183-8AEEFE909D81}"
EndProject
Project("{FAE04EC0-301F-11D3-BF4B-00C04F79EFBC}") = "GameCreator.Runtime.Game.Jited", "GameCreator.Runtime.Game.Jited\GameCreator.Runtime.Game.Jited.csproj", "{4FAA8A24-1DEA-4414-B1DD-C7D789DA5FA8}"
EndProject
Global
	GlobalSection(SolutionConfigurationPlatforms) = preSolution
		Debug|Any CPU = Debug|Any CPU
		Debug|Mixed Platforms = Debug|Mixed Platforms
		Debug|x86 = Debug|x86
		Release|Any CPU = Release|Any CPU
		Release|Mixed Platforms = Release|Mixed Platforms
		Release|x86 = Release|x86
	EndGlobalSection
	GlobalSection(ProjectConfigurationPlatforms) = postSolution
		{6BC89687-EBA6-47F8-ADF0-05C1300D699A}.Debug|Any CPU.ActiveCfg = Debug|Any CPU
		{6BC89687-EBA6-47F8-ADF0-05C1300D699A}.Debug|Any CPU.Build.0 = Debug|Any CPU
		{6BC89687-EBA6-47F8-ADF0-05C1300D699A}.Debug|Mixed Platforms.ActiveCfg = Debug|Any CPU
		{6BC89687-EBA6-47F8-ADF0-05C1300D699A}.Debug|Mixed Platforms.Build.0 = Debug|Any CPU
		{6BC89687-EBA6-47F8-ADF0-05C1300D699A}.Debug|x86.ActiveCfg = Debug|Any CPU
		{6BC89687-EBA6-47F8-ADF0-05C1300D699A}.Release|Any CPU.ActiveCfg = Release|Any CPU
		{6BC89687-EBA6-47F8-ADF0-05C1300D699A}.Release|Any CPU.Build.0 = Release|Any CPU
		{6BC89687-EBA6-47F8-ADF0-05C1300D699A}.Release|Mixed Platforms.ActiveCfg = Release|Any CPU
		{6BC89687-EBA6-47F8-ADF0-05C1300D699A}.Release|Mixed Platforms.Build.0 = Release|Any CPU
		{6BC89687-EBA6-47F8-ADF0-05C1300D699A}.Release|x86.ActiveCfg = Release|Any CPU
		{2A260ABF-219E-49A2-81BD-0ED30F9B8825}.Debug|Any CPU.ActiveCfg = Debug|Any CPU
		{2A260ABF-219E-49A2-81BD-0ED30F9B8825}.Debug|Any CPU.Build.0 = Debug|Any CPU
		{2A260ABF-219E-49A2-81BD-0ED30F9B8825}.Debug|Mixed Platforms.ActiveCfg = Debug|Any CPU
		{2A260ABF-219E-49A2-81BD-0ED30F9B8825}.Debug|Mixed Platforms.Build.0 = Debug|Any CPU
		{2A260ABF-219E-49A2-81BD-0ED30F9B8825}.Debug|x86.ActiveCfg = Debug|Any CPU
		{2A260ABF-219E-49A2-81BD-0ED30F9B8825}.Release|Any CPU.ActiveCfg = Release|Any CPU
		{2A260ABF-219E-49A2-81BD-0ED30F9B8825}.Release|Any CPU.Build.0 = Release|Any CPU
		{2A260ABF-219E-49A2-81BD-0ED30F9B8825}.Release|Mixed Platforms.ActiveCfg = Release|Any CPU
		{2A260ABF-219E-49A2-81BD-0ED30F9B8825}.Release|Mixed Platforms.Build.0 = Release|Any CPU
		{2A260ABF-219E-49A2-81BD-0ED30F9B8825}.Release|x86.ActiveCfg = Release|Any CPU
		{8D7F601C-C605-477F-8D67-850A8B6CA23A}.Debug|Any CPU.ActiveCfg = Debug|Any CPU
		{8D7F601C-C605-477F-8D67-850A8B6CA23A}.Debug|Any CPU.Build.0 = Debug|Any CPU
		{8D7F601C-C605-477F-8D67-850A8B6CA23A}.Debug|Mixed Platforms.ActiveCfg = Debug|Any CPU
		{8D7F601C-C605-477F-8D67-850A8B6CA23A}.Debug|Mixed Platforms.Build.0 = Debug|Any CPU
		{8D7F601C-C605-477F-8D67-850A8B6CA23A}.Debug|x86.ActiveCfg = Debug|Any CPU
		{8D7F601C-C605-477F-8D67-850A8B6CA23A}.Release|Any CPU.ActiveCfg = Release|Any CPU
		{8D7F601C-C605-477F-8D67-850A8B6CA23A}.Release|Any CPU.Build.0 = Release|Any CPU
		{8D7F601C-C605-477F-8D67-850A8B6CA23A}.Release|Mixed Platforms.ActiveCfg = Release|Any CPU
		{8D7F601C-C605-477F-8D67-850A8B6CA23A}.Release|Mixed Platforms.Build.0 = Release|Any CPU
		{8D7F601C-C605-477F-8D67-850A8B6CA23A}.Release|x86.ActiveCfg = Release|Any CPU
		{86EA9620-4ED5-47C0-8805-EED429AE86AD}.Debug|Any CPU.ActiveCfg = Debug|Any CPU
		{86EA9620-4ED5-47C0-8805-EED429AE86AD}.Debug|Any CPU.Build.0 = Debug|Any CPU
		{86EA9620-4ED5-47C0-8805-EED429AE86AD}.Debug|Mixed Platforms.ActiveCfg = Debug|Any CPU
		{86EA9620-4ED5-47C0-8805-EED429AE86AD}.Debug|Mixed Platforms.Build.0 = Debug|Any CPU
		{86EA9620-4ED5-47C0-8805-EED429AE86AD}.Debug|x86.ActiveCfg = Debug|Any CPU
		{86EA9620-4ED5-47C0-8805-EED429AE86AD}.Release|Any CPU.ActiveCfg = Release|Any CPU
		{86EA9620-4ED5-47C0-8805-EED429AE86AD}.Release|Any CPU.Build.0 = Release|Any CPU
		{86EA9620-4ED5-47C0-8805-EED429AE86AD}.Release|Mixed Platforms.ActiveCfg = Release|Any CPU
		{86EA9620-4ED5-47C0-8805-EED429AE86AD}.Release|Mixed Platforms.Build.0 = Release|Any CPU
		{86EA9620-4ED5-47C0-8805-EED429AE86AD}.Release|x86.ActiveCfg = Release|Any CPU
		{026075FF-7A82-4AEB-B09A-70073D6ED686}.Debug|Any CPU.ActiveCfg = Debug|Any CPU
		{026075FF-7A82-4AEB-B09A-70073D6ED686}.Debug|Any CPU.Build.0 = Debug|Any CPU
		{026075FF-7A82-4AEB-B09A-70073D6ED686}.Debug|Mixed Platforms.ActiveCfg = Debug|Any CPU
		{026075FF-7A82-4AEB-B09A-70073D6ED686}.Debug|Mixed Platforms.Build.0 = Debug|Any CPU
		{026075FF-7A82-4AEB-B09A-70073D6ED686}.Debug|x86.ActiveCfg = Debug|Any CPU
		{026075FF-7A82-4AEB-B09A-70073D6ED686}.Release|Any CPU.ActiveCfg = Release|Any CPU
		{026075FF-7A82-4AEB-B09A-70073D6ED686}.Release|Any CPU.Build.0 = Release|Any CPU
		{026075FF-7A82-4AEB-B09A-70073D6ED686}.Release|Mixed Platforms.ActiveCfg = Release|Any CPU
		{026075FF-7A82-4AEB-B09A-70073D6ED686}.Release|Mixed Platforms.Build.0 = Release|Any CPU
		{026075FF-7A82-4AEB-B09A-70073D6ED686}.Release|x86.ActiveCfg = Release|Any CPU
		{1D629B47-A821-4030-B680-6E4953A744D7}.Debug|Any CPU.ActiveCfg = Debug|Any CPU
		{1D629B47-A821-4030-B680-6E4953A744D7}.Debug|Any CPU.Build.0 = Debug|Any CPU
		{1D629B47-A821-4030-B680-6E4953A744D7}.Debug|Mixed Platforms.ActiveCfg = Debug|Any CPU
		{1D629B47-A821-4030-B680-6E4953A744D7}.Debug|Mixed Platforms.Build.0 = Debug|Any CPU
		{1D629B47-A821-4030-B680-6E4953A744D7}.Debug|x86.ActiveCfg = Debug|Any CPU
		{1D629B47-A821-4030-B680-6E4953A744D7}.Release|Any CPU.ActiveCfg = Release|Any CPU
		{1D629B47-A821-4030-B680-6E4953A744D7}.Release|Any CPU.Build.0 = Release|Any CPU
		{1D629B47-A821-4030-B680-6E4953A744D7}.Release|Mixed Platforms.ActiveCfg = Release|Any CPU
		{1D629B47-A821-4030-B680-6E4953A744D7}.Release|Mixed Platforms.Build.0 = Release|Any CPU
		{1D629B47-A821-4030-B680-6E4953A744D7}.Release|x86.ActiveCfg = Release|Any CPU
		{935DC5A7-5F14-4553-BA26-FA7565FB1B12}.Debug|Any CPU.ActiveCfg = Debug|Any CPU
		{935DC5A7-5F14-4553-BA26-FA7565FB1B12}.Debug|Any CPU.Build.0 = Debug|Any CPU
		{935DC5A7-5F14-4553-BA26-FA7565FB1B12}.Debug|Mixed Platforms.ActiveCfg = Debug|Any CPU
		{935DC5A7-5F14-4553-BA26-FA7565FB1B12}.Debug|Mixed Platforms.Build.0 = Debug|Any CPU
		{935DC5A7-5F14-4553-BA26-FA7565FB1B12}.Debug|x86.ActiveCfg = Debug|Any CPU
		{935DC5A7-5F14-4553-BA26-FA7565FB1B12}.Release|Any CPU.ActiveCfg = Release|Any CPU
		{935DC5A7-5F14-4553-BA26-FA7565FB1B12}.Release|Any CPU.Build.0 = Release|Any CPU
		{935DC5A7-5F14-4553-BA26-FA7565FB1B12}.Release|Mixed Platforms.ActiveCfg = Release|Any CPU
		{935DC5A7-5F14-4553-BA26-FA7565FB1B12}.Release|Mixed Platforms.Build.0 = Release|Any CPU
		{935DC5A7-5F14-4553-BA26-FA7565FB1B12}.Release|x86.ActiveCfg = Release|Any CPU
		{0E663FE3-8220-469D-8183-8AEEFE909D81}.Debug|Any CPU.ActiveCfg = Debug|Any CPU
		{0E663FE3-8220-469D-8183-8AEEFE909D81}.Debug|Any CPU.Build.0 = Debug|Any CPU
		{0E663FE3-8220-469D-8183-8AEEFE909D81}.Debug|Mixed Platforms.ActiveCfg = Debug|Any CPU
		{0E663FE3-8220-469D-8183-8AEEFE909D81}.Debug|Mixed Platforms.Build.0 = Debug|Any CPU
		{0E663FE3-8220-469D-8183-8AEEFE909D81}.Debug|x86.ActiveCfg = Debug|Any CPU
		{0E663FE3-8220-469D-8183-8AEEFE909D81}.Release|Any CPU.ActiveCfg = Release|Any CPU
		{0E663FE3-8220-469D-8183-8AEEFE909D81}.Release|Any CPU.Build.0 = Release|Any CPU
		{0E663FE3-8220-469D-8183-8AEEFE909D81}.Release|Mixed Platforms.ActiveCfg = Release|Any CPU
		{0E663FE3-8220-469D-8183-8AEEFE909D81}.Release|Mixed Platforms.Build.0 = Release|Any CPU
		{0E663FE3-8220-469D-8183-8AEEFE909D81}.Release|x86.ActiveCfg = Release|Any CPU
		{4FAA8A24-1DEA-4414-B1DD-C7D789DA5FA8}.Debug|Any CPU.ActiveCfg = Debug|Any CPU
		{4FAA8A24-1DEA-4414-B1DD-C7D789DA5FA8}.Debug|Any CPU.Build.0 = Debug|Any CPU
		{4FAA8A24-1DEA-4414-B1DD-C7D789DA5FA8}.Debug|Mixed Platforms.ActiveCfg = Debug|Any CPU
		{4FAA8A24-1DEA-4414-B1DD-C7D789DA5FA8}.Debug|Mixed Platforms.Build.0 = Debug|Any CPU
		{4FAA8A24-1DEA-4414-B1DD-C7D789DA5FA8}.Debug|x86.ActiveCfg = Debug|Any CPU
		{4FAA8A24-1DEA-4414-B1DD-C7D789DA5FA8}.Release|Any CPU.ActiveCfg = Release|Any CPU
		{4FAA8A24-1DEA-4414-B1DD-C7D789DA5FA8}.Release|Any CPU.Build.0 = Release|Any CPU
		{4FAA8A24-1DEA-4414-B1DD-C7D789DA5FA8}.Release|Mixed Platforms.ActiveCfg = Release|Any CPU
		{4FAA8A24-1DEA-4414-B1DD-C7D789DA5FA8}.Release|Mixed Platforms.Build.0 = Release|Any CPU
		{4FAA8A24-1DEA-4414-B1DD-C7D789DA5FA8}.Release|x86.ActiveCfg = Release|Any CPU
	EndGlobalSection
	GlobalSection(SolutionProperties) = preSolution
		HideSolutionNode = FALSE
	EndGlobalSection
	GlobalSection(NestedProjects) = preSolution
	EndGlobalSection
	GlobalSection(TestCaseManagementSettings) = postSolution
		CategoryFile = GameCreator.vsmdi
	EndGlobalSection
	GlobalSection(MonoDevelopProperties) = preSolution
		StartupItem = GameCreator\GameCreator.csproj
	EndGlobalSection
EndGlobal
