
Microsoft Visual Studio Solution File, Format Version 12.00
# Visual Studio 2013
VisualStudioVersion = 12.0.0.0
MinimumVisualStudioVersion = 10.0.0.1
Project("{FAE04EC0-301F-11D3-BF4B-00C04F79EFBC}") = "GameCreator.Engine", "GameCreator.Engine\GameCreator.Engine.csproj", "{C1EF4835-4F4D-4965-AC8F-DC54DB61A519}"
EndProject
Project("{FAE04EC0-301F-11D3-BF4B-00C04F79EFBC}") = "GameCreator.Engine.Tests", "GameCreator.Engine.Tests\GameCreator.Engine.Tests.csproj", "{B420C2C0-3EDC-4274-880F-E6C564369A83}"
EndProject
Project("{FAE04EC0-301F-11D3-BF4B-00C04F79EFBC}") = "GameCreator.Engine.Common", "GameCreator.Engine.Common\GameCreator.Engine.Common.csproj", "{729CA8B1-286E-46E1-A622-018BBA00CDE3}"
EndProject
Project("{FAE04EC0-301F-11D3-BF4B-00C04F79EFBC}") = "GameCreator.Api.Runtime", "GameCreator.Api.Runtime\GameCreator.Api.Runtime.csproj", "{1081AFE4-4757-4D58-95E8-F91D1660A7C6}"
EndProject
Project("{FAE04EC0-301F-11D3-BF4B-00C04F79EFBC}") = "GameCreator.Api.Engine", "GameCreator.Api.Engine\GameCreator.Api.Engine.csproj", "{3884A5B1-F348-438E-8CD0-301E7E66B8B3}"
EndProject
Project("{FAE04EC0-301F-11D3-BF4B-00C04F79EFBC}") = "GameCreator.Api.Resources", "GameCreator.Api.Resources\GameCreator.Api.Resources.csproj", "{119EE0D6-8DF3-4E1E-8B84-954D1F8B9E05}"
EndProject
Global
	GlobalSection(SolutionConfigurationPlatforms) = preSolution
		Debug|Any CPU = Debug|Any CPU
		Release|Any CPU = Release|Any CPU
	EndGlobalSection
	GlobalSection(ProjectConfigurationPlatforms) = postSolution
		{A761207E-75A5-476D-A38F-8AA4E13C212A}.Debug|Any CPU.ActiveCfg = Debug|Any CPU
		{A761207E-75A5-476D-A38F-8AA4E13C212A}.Debug|Any CPU.Build.0 = Debug|Any CPU
		{A761207E-75A5-476D-A38F-8AA4E13C212A}.Release|Any CPU.ActiveCfg = Release|Any CPU
		{A761207E-75A5-476D-A38F-8AA4E13C212A}.Release|Any CPU.Build.0 = Release|Any CPU
		{C1EF4835-4F4D-4965-AC8F-DC54DB61A519}.Debug|Any CPU.ActiveCfg = Debug|Any CPU
		{C1EF4835-4F4D-4965-AC8F-DC54DB61A519}.Debug|Any CPU.Build.0 = Debug|Any CPU
		{C1EF4835-4F4D-4965-AC8F-DC54DB61A519}.Release|Any CPU.ActiveCfg = Release|Any CPU
		{C1EF4835-4F4D-4965-AC8F-DC54DB61A519}.Release|Any CPU.Build.0 = Release|Any CPU
		{B420C2C0-3EDC-4274-880F-E6C564369A83}.Debug|Any CPU.ActiveCfg = Debug|Any CPU
		{B420C2C0-3EDC-4274-880F-E6C564369A83}.Debug|Any CPU.Build.0 = Debug|Any CPU
		{B420C2C0-3EDC-4274-880F-E6C564369A83}.Release|Any CPU.ActiveCfg = Release|Any CPU
		{B420C2C0-3EDC-4274-880F-E6C564369A83}.Release|Any CPU.Build.0 = Release|Any CPU
		{729CA8B1-286E-46E1-A622-018BBA00CDE3}.Debug|Any CPU.ActiveCfg = Debug|Any CPU
		{729CA8B1-286E-46E1-A622-018BBA00CDE3}.Debug|Any CPU.Build.0 = Debug|Any CPU
		{729CA8B1-286E-46E1-A622-018BBA00CDE3}.Release|Any CPU.ActiveCfg = Release|Any CPU
		{729CA8B1-286E-46E1-A622-018BBA00CDE3}.Release|Any CPU.Build.0 = Release|Any CPU
		{1081AFE4-4757-4D58-95E8-F91D1660A7C6}.Debug|Any CPU.ActiveCfg = Debug|Any CPU
		{1081AFE4-4757-4D58-95E8-F91D1660A7C6}.Debug|Any CPU.Build.0 = Debug|Any CPU
		{1081AFE4-4757-4D58-95E8-F91D1660A7C6}.Release|Any CPU.ActiveCfg = Release|Any CPU
		{1081AFE4-4757-4D58-95E8-F91D1660A7C6}.Release|Any CPU.Build.0 = Release|Any CPU
		{3884A5B1-F348-438E-8CD0-301E7E66B8B3}.Debug|Any CPU.ActiveCfg = Debug|Any CPU
		{3884A5B1-F348-438E-8CD0-301E7E66B8B3}.Debug|Any CPU.Build.0 = Debug|Any CPU
		{3884A5B1-F348-438E-8CD0-301E7E66B8B3}.Release|Any CPU.ActiveCfg = Release|Any CPU
		{3884A5B1-F348-438E-8CD0-301E7E66B8B3}.Release|Any CPU.Build.0 = Release|Any CPU
		{119EE0D6-8DF3-4E1E-8B84-954D1F8B9E05}.Debug|Any CPU.ActiveCfg = Debug|Any CPU
		{119EE0D6-8DF3-4E1E-8B84-954D1F8B9E05}.Debug|Any CPU.Build.0 = Debug|Any CPU
		{119EE0D6-8DF3-4E1E-8B84-954D1F8B9E05}.Release|Any CPU.ActiveCfg = Release|Any CPU
		{119EE0D6-8DF3-4E1E-8B84-954D1F8B9E05}.Release|Any CPU.Build.0 = Release|Any CPU
	EndGlobalSection
	GlobalSection(SolutionProperties) = preSolution
		HideSolutionNode = FALSE
	EndGlobalSection
EndGlobal
