
Microsoft Visual Studio Solution File, Format Version 12.00
# Visual Studio 2013
VisualStudioVersion = 12.0.0.0
MinimumVisualStudioVersion = 10.0.0.1
Project("{FAE04EC0-301F-11D3-BF4B-00C04F79EFBC}") = "GameCreator.Engine", "Rewrite\GameCreator.Engine\GameCreator.Engine.csproj", "{C1EF4835-4F4D-4965-AC8F-DC54DB61A519}"
EndProject
Project("{FAE04EC0-301F-11D3-BF4B-00C04F79EFBC}") = "GameCreator.Plugins.MonoGame", "Rewrite\GameCreator.Plugins.MonoGame\GameCreator.Plugins.MonoGame.csproj", "{31EAFE14-057B-4DF5-AA4D-D4FDC3D13808}"
EndProject
Project("{FAE04EC0-301F-11D3-BF4B-00C04F79EFBC}") = "GameCreator.Plugins.OpenTK", "Rewrite\GameCreator.Plugins.OpenTK\GameCreator.Plugins.OpenTK.csproj", "{E0519A44-7AB0-421F-B344-5CDA117E41A0}"
EndProject
Project("{FAE04EC0-301F-11D3-BF4B-00C04F79EFBC}") = "GameCreator.Engine.Tests", "Rewrite\GameCreator.Engine.Tests\GameCreator.Engine.Tests.csproj", "{B420C2C0-3EDC-4274-880F-E6C564369A83}"
EndProject
Project("{FAE04EC0-301F-11D3-BF4B-00C04F79EFBC}") = "TestGame", "Rewrite\TestGame\TestGame.csproj", "{43CE9176-5B16-4D9C-BD9C-F91EF5E1A7B6}"
EndProject
Project("{FAE04EC0-301F-11D3-BF4B-00C04F79EFBC}") = "TestGame.OpenTK", "Rewrite\TestGame.OpenTK\TestGame.OpenTK.csproj", "{780CB8F7-2E2D-4B92-9767-AF2E55BC19B6}"
EndProject
Project("{FAE04EC0-301F-11D3-BF4B-00C04F79EFBC}") = "TestGame.MonoGame", "Rewrite\TestGame.MonoGame\TestGame.MonoGame.csproj", "{4BD29805-7C58-469A-9B54-0833E9010527}"
EndProject
Project("{FAE04EC0-301F-11D3-BF4B-00C04F79EFBC}") = "GameCreator.Engine.Common", "Rewrite\GameCreator.Engine.Common\GameCreator.Engine.Common.csproj", "{729CA8B1-286E-46E1-A622-018BBA00CDE3}"
EndProject
Project("{FAE04EC0-301F-11D3-BF4B-00C04F79EFBC}") = "GameCreator.Runtime.Api", "Rewrite\GameCreator.Runtime.Api\GameCreator.Runtime.Api.csproj", "{1081AFE4-4757-4D58-95E8-F91D1660A7C6}"
EndProject
Project("{FAE04EC0-301F-11D3-BF4B-00C04F79EFBC}") = "GameCreator.Engine.Api", "Rewrite\GameCreator.Engine.Api\GameCreator.Engine.Api.csproj", "{3884A5B1-F348-438E-8CD0-301E7E66B8B3}"
EndProject
Project("{FAE04EC0-301F-11D3-BF4B-00C04F79EFBC}") = "GameCreator.Projects", "Rewrite\GameCreator.Projects\GameCreator.Projects.csproj", "{6EB4B42A-9646-41EB-BD0E-1C183C9013C5}"
EndProject
Project("{FAE04EC0-301F-11D3-BF4B-00C04F79EFBC}") = "GameCreator.Resources.Api", "Rewrite\GameCreator.Resources.Api\GameCreator.Resources.Api.csproj", "{119EE0D6-8DF3-4E1E-8B84-954D1F8B9E05}"
EndProject
Project("{FAE04EC0-301F-11D3-BF4B-00C04F79EFBC}") = "GameCreator.Projects.GMFiles", "Rewrite\GameCreator.Projects.GMFiles\GameCreator.Projects.GMFiles.csproj", "{D6833F7F-C45E-44FC-9604-7E727957B9E3}"
EndProject
Global
	GlobalSection(SolutionConfigurationPlatforms) = preSolution
		Debug|Any CPU = Debug|Any CPU
		Release|Any CPU = Release|Any CPU
	EndGlobalSection
	GlobalSection(ProjectConfigurationPlatforms) = postSolution
		{A761207E-75A5-476D-A38F-8AA4E13C212A}.Debug|Any CPU.ActiveCfg = Debug|Any CPU
		{A761207E-75A5-476D-A38F-8AA4E13C212A}.Debug|Any CPU.Build.0 = Debug|Any CPU
		{A761207E-75A5-476D-A38F-8AA4E13C212A}.Release|Any CPU.ActiveCfg = Release|Any CPU
		{A761207E-75A5-476D-A38F-8AA4E13C212A}.Release|Any CPU.Build.0 = Release|Any CPU
		{C1EF4835-4F4D-4965-AC8F-DC54DB61A519}.Debug|Any CPU.ActiveCfg = Debug|Any CPU
		{C1EF4835-4F4D-4965-AC8F-DC54DB61A519}.Debug|Any CPU.Build.0 = Debug|Any CPU
		{C1EF4835-4F4D-4965-AC8F-DC54DB61A519}.Release|Any CPU.ActiveCfg = Release|Any CPU
		{C1EF4835-4F4D-4965-AC8F-DC54DB61A519}.Release|Any CPU.Build.0 = Release|Any CPU
		{31EAFE14-057B-4DF5-AA4D-D4FDC3D13808}.Debug|Any CPU.ActiveCfg = Debug|Any CPU
		{31EAFE14-057B-4DF5-AA4D-D4FDC3D13808}.Debug|Any CPU.Build.0 = Debug|Any CPU
		{31EAFE14-057B-4DF5-AA4D-D4FDC3D13808}.Release|Any CPU.ActiveCfg = Release|Any CPU
		{31EAFE14-057B-4DF5-AA4D-D4FDC3D13808}.Release|Any CPU.Build.0 = Release|Any CPU
		{E0519A44-7AB0-421F-B344-5CDA117E41A0}.Debug|Any CPU.ActiveCfg = Debug|Any CPU
		{E0519A44-7AB0-421F-B344-5CDA117E41A0}.Debug|Any CPU.Build.0 = Debug|Any CPU
		{E0519A44-7AB0-421F-B344-5CDA117E41A0}.Release|Any CPU.ActiveCfg = Release|Any CPU
		{E0519A44-7AB0-421F-B344-5CDA117E41A0}.Release|Any CPU.Build.0 = Release|Any CPU
		{B420C2C0-3EDC-4274-880F-E6C564369A83}.Debug|Any CPU.ActiveCfg = Debug|Any CPU
		{B420C2C0-3EDC-4274-880F-E6C564369A83}.Debug|Any CPU.Build.0 = Debug|Any CPU
		{B420C2C0-3EDC-4274-880F-E6C564369A83}.Release|Any CPU.ActiveCfg = Release|Any CPU
		{B420C2C0-3EDC-4274-880F-E6C564369A83}.Release|Any CPU.Build.0 = Release|Any CPU
		{43CE9176-5B16-4D9C-BD9C-F91EF5E1A7B6}.Debug|Any CPU.ActiveCfg = Debug|Any CPU
		{43CE9176-5B16-4D9C-BD9C-F91EF5E1A7B6}.Debug|Any CPU.Build.0 = Debug|Any CPU
		{43CE9176-5B16-4D9C-BD9C-F91EF5E1A7B6}.Release|Any CPU.ActiveCfg = Release|Any CPU
		{43CE9176-5B16-4D9C-BD9C-F91EF5E1A7B6}.Release|Any CPU.Build.0 = Release|Any CPU
		{780CB8F7-2E2D-4B92-9767-AF2E55BC19B6}.Debug|Any CPU.ActiveCfg = Debug|Any CPU
		{780CB8F7-2E2D-4B92-9767-AF2E55BC19B6}.Debug|Any CPU.Build.0 = Debug|Any CPU
		{780CB8F7-2E2D-4B92-9767-AF2E55BC19B6}.Release|Any CPU.ActiveCfg = Release|Any CPU
		{780CB8F7-2E2D-4B92-9767-AF2E55BC19B6}.Release|Any CPU.Build.0 = Release|Any CPU
		{4BD29805-7C58-469A-9B54-0833E9010527}.Debug|Any CPU.ActiveCfg = Debug|Any CPU
		{4BD29805-7C58-469A-9B54-0833E9010527}.Debug|Any CPU.Build.0 = Debug|Any CPU
		{4BD29805-7C58-469A-9B54-0833E9010527}.Release|Any CPU.ActiveCfg = Release|Any CPU
		{4BD29805-7C58-469A-9B54-0833E9010527}.Release|Any CPU.Build.0 = Release|Any CPU
		{729CA8B1-286E-46E1-A622-018BBA00CDE3}.Debug|Any CPU.ActiveCfg = Debug|Any CPU
		{729CA8B1-286E-46E1-A622-018BBA00CDE3}.Debug|Any CPU.Build.0 = Debug|Any CPU
		{729CA8B1-286E-46E1-A622-018BBA00CDE3}.Release|Any CPU.ActiveCfg = Release|Any CPU
		{729CA8B1-286E-46E1-A622-018BBA00CDE3}.Release|Any CPU.Build.0 = Release|Any CPU
		{1081AFE4-4757-4D58-95E8-F91D1660A7C6}.Debug|Any CPU.ActiveCfg = Debug|Any CPU
		{1081AFE4-4757-4D58-95E8-F91D1660A7C6}.Debug|Any CPU.Build.0 = Debug|Any CPU
		{1081AFE4-4757-4D58-95E8-F91D1660A7C6}.Release|Any CPU.ActiveCfg = Release|Any CPU
		{1081AFE4-4757-4D58-95E8-F91D1660A7C6}.Release|Any CPU.Build.0 = Release|Any CPU
		{3884A5B1-F348-438E-8CD0-301E7E66B8B3}.Debug|Any CPU.ActiveCfg = Debug|Any CPU
		{3884A5B1-F348-438E-8CD0-301E7E66B8B3}.Debug|Any CPU.Build.0 = Debug|Any CPU
		{3884A5B1-F348-438E-8CD0-301E7E66B8B3}.Release|Any CPU.ActiveCfg = Release|Any CPU
		{3884A5B1-F348-438E-8CD0-301E7E66B8B3}.Release|Any CPU.Build.0 = Release|Any CPU
		{6EB4B42A-9646-41EB-BD0E-1C183C9013C5}.Debug|Any CPU.ActiveCfg = Debug|Any CPU
		{6EB4B42A-9646-41EB-BD0E-1C183C9013C5}.Debug|Any CPU.Build.0 = Debug|Any CPU
		{6EB4B42A-9646-41EB-BD0E-1C183C9013C5}.Release|Any CPU.ActiveCfg = Release|Any CPU
		{6EB4B42A-9646-41EB-BD0E-1C183C9013C5}.Release|Any CPU.Build.0 = Release|Any CPU
		{119EE0D6-8DF3-4E1E-8B84-954D1F8B9E05}.Debug|Any CPU.ActiveCfg = Debug|Any CPU
		{119EE0D6-8DF3-4E1E-8B84-954D1F8B9E05}.Debug|Any CPU.Build.0 = Debug|Any CPU
		{119EE0D6-8DF3-4E1E-8B84-954D1F8B9E05}.Release|Any CPU.ActiveCfg = Release|Any CPU
		{119EE0D6-8DF3-4E1E-8B84-954D1F8B9E05}.Release|Any CPU.Build.0 = Release|Any CPU
		{D6833F7F-C45E-44FC-9604-7E727957B9E3}.Debug|Any CPU.ActiveCfg = Debug|Any CPU
		{D6833F7F-C45E-44FC-9604-7E727957B9E3}.Debug|Any CPU.Build.0 = Debug|Any CPU
		{D6833F7F-C45E-44FC-9604-7E727957B9E3}.Release|Any CPU.ActiveCfg = Release|Any CPU
		{D6833F7F-C45E-44FC-9604-7E727957B9E3}.Release|Any CPU.Build.0 = Release|Any CPU
	EndGlobalSection
	GlobalSection(SolutionProperties) = preSolution
		HideSolutionNode = FALSE
	EndGlobalSection
EndGlobal
